{
  "name": "online_shopping_system_defaultorganization_20250512212455",
  "version": "1.0.0",
  "lockfileVersion": 2,
  "requires": true,
  "packages": {
    "": {
      "name": "online_shopping_system_defaultorganization_20250512212455",
      "version": "1.0.0",
      "license": "ISC"
    }
  }
}
